lockfileVersion: '9.0'

settings:
  autoInstallPeers: true
  excludeLinksFromLockfile: false

importers:
  .:
    devDependencies:
      '@types/node':
        specifier: 22.13.0
        version: 22.13.0
      tsx:
        specifier: 4.19.3
        version: 4.19.3
      typescript:
        specifier: 5.9.3
        version: 5.9.3
